# This file is automatically @generated by Poetry 2.3.1 and should not be changed by hand.

[[package]]
name = "asgiref"
version = "3.12.1"
description = "ASGI specs, helper code, and adapters"
optional = false
python-versions = ">=3.10"
groups = ["main"]
files = [
    {file = "asgiref-3.12.1-py3-none-any.whl", hash = "sha256:fe386d1c2bff7259ea95929266d12a8cf9a8b5a1c2598402967d8792e7a7c094"},
    {file = "asgiref-3.12.1.tar.gz", hash = "sha256:59dcb51c272ad209d59bed5708a64a333083e86017d7fcdd67498eeab7784340"},
]

[package.extras]
mypy = ["mypy (>=1.14.0)"]
tests = ["pytest", "pytest-asyncio"]

[[package]]
name = "coverage"
version = "7.15.2"
description = "Code coverage measurement for Python"
optional = false
python-versions = ">=3.10"
groups = ["dev"]
files = [
    {file = "coverage-7.15.2-cp310-cp310-macosx_10_9_x86_64.whl", hash = "sha256:9b5bd92ff1ec22e535eab0de75fa6db021992791f461a2aceb7822c625a1187d"},
    {file = "coverage-7.15.2-cp310-cp310-macosx_11_0_arm64.whl", hash = "sha256:44826758cfe73fcd0e6af5deb4ba6d5417cc1d13df3acb35c93484a11160f846"},
    {file = "coverage-7.15.2-cp310-cp310-manylinux1_i686.manylinux_2_28_i686.manylinux_2_5_i686.whl", hash = "sha256:09f5c6ec5901f667bd97dd140b5b9a2586b10efec66f46fb1e6d8135f8b95bdf"},
    {file = "coverage-7.15.2-cp310-cp310-manylinux1_x86_64.manylinux_2_28_x86_64.manylinux_2_5_x86_64.whl", hash = "sha256:1d16e3a7104ea84f03e614611b3edbf6fb6892554b3ab0fe7fbb3f2b2ef04376"},
    {file = "coverage-7.15.2-cp310-cp310-manylinux2014_aarch64.manylinux_2_17_aarch64.manylinux_2_28_aarch64.whl", hash = "sha256:d46e62cb35d91e6e2589fda6d28074426b0e276422b5d2ebef2c6b11dc60dbfd"},
    {file = "coverage-7.15.2-cp310-cp310-manylinux2014_ppc64le.manylinux_2_17_ppc64le.manylinux_2_28_ppc64le.whl", hash = "sha256:dfd3db045e95960ae3683059571e597fda7cc610106a8916f77c5839048c1deb"},
    {file = "coverage-7.15.2-cp310-cp310-manylinux_2_31_riscv64.manylinux_2_39_riscv64.whl", hash = "sha256:affd532502d34c0472d0cdb181325c89f1d2c44992fef0c17e88e7b1576259a1"},
    {file = "coverage-7.15.2-cp310-cp310-musllinux_1_2_aarch64.whl", hash = "sha256:d17d7512151fedfcc64c1821a8977fc9be0dbf495754669afcab7b57abc98ae9"},
    {file = "coverage-7.15.2-cp310-cp310-musllinux_1_2_i686.whl", hash = "sha256:e26ff680768b8095e8874aabe0e9d3a47a2a9f176a8340d05f8604c56457c23a"},
    {file = "coverage-7.15.2-cp310-cp310-musllinux_1_2_ppc64le.whl", hash = "sha256:7e8f27131dc7cd53de2c137dd207b3720919320b3c20d499dc30aa9ee6173287"},
    {file = "coverage-7.15.2-cp310-cp310-musllinux_1_2_riscv64.whl", hash = "sha256:728a33676d4c3f0db977990a4bd421dcaa3be3e53b5b6273036fff6666008e89"},
    {file = "coverage-7.15.2-cp310-cp310-musllinux_1_2_x86_64.whl", hash = "sha256:29c052f7c83ccfcc5c577eaae025d2e4a9bb80daf03c0ac31c996e83b000ce88"},
    {file = "coverage-7.15.2-cp310-cp310-win32.whl", hash = "sha256:1268ac8fb9ddcd783d3948dbabaf80a5d53bfdaa0575e873e2139a692f797443"},
    {file = "coverage-7.15.2-cp310-cp310-win_amd64.whl", hash = "sha256:9f4432898c4bf2fba0435bbe35dd4437d7264565e5a88a21f5b49d8662a6b629"},
    {file = "coverage-7.15.2-cp311-cp311-macosx_10_9_x86_64.whl", hash = "sha256:2f1ec6f304b156669cfde653b4e9a953f5de87e247ea02ac599bce0ab2744036"},
    {file = "coverage-7.15.2-cp311-cp311-macosx_11_0_arm64.whl", hash = "sha256:4d3361879d736f469f45723c11ea1a5bbdaf1f6928f0e632c940378b5aa9b660"},
    {file = "coverage-7.15.2-cp311-cp311-manylinux1_i686.manylinux_2_28_i686.manylinux_2_5_i686.whl", hash = "sha256:c6a98d698f9e2c8008d0370ec7fc452ebfcc530002ae2d0061170d768b992589"},
    {file = "coverage-7.15.2-cp311-cp311-manylinux1_x86_64.manylinux_2_28_x86_64.manylinux_2_5_x86_64.whl", hash = "sha256:d50dd325e18ec25bfcc10cd7f99b04df1ab9ec76b0918c260e60817ad0643dee"},
    {file = "coverage-7.15.2-cp311-cp311-manylinux2014_aarch64.manylinux_2_17_aarch64.manylinux_2_28_aarch64.whl", hash = "sha256:67d7602480a47bdf5b675635403625553ebaa70d5a62a657c035149fd401cea0"},
    {file = "coverage-7.15.2-cp311-cp311-manylinux2014_ppc64le.manylinux_2_17_ppc64le.manylinux_2_28_ppc64le.whl", hash = "sha256:cee0f89f4767a6057c8fbf168f8135f18be651300496086bd873e3189fed0487"},
    {file = "coverage-7.15.2-cp311-cp311-manylinux_2_31_riscv64.manylinux_2_39_riscv64.whl", hash = "sha256:a29ec5305a7335aacee2d799e3422e91e1c8a12474986e2b3b07e315c91be82f"},
    {file = "coverage-7.15.2-cp311-cp311-musllinux_1_2_aarch64.whl", hash = "sha256:48ccc6395958eda89093ecdc35644c86f23a8b23a7f4d44958812b721aad67c1"},
    {file = "coverage-7.15.2-cp311-cp311-musllinux_1_2_i686.whl", hash = "sha256:81f382c5a94b434ec1f6da607edb904c76d7212e618cd4d1bc9f97bed4120ef5"},
    {file = "coverage-7.15.2-cp311-cp311-musllinux_1_2_ppc64le.whl", hash = "sha256:bbc808daf4f5cd567af8075ecc72d21c6dfef9a254709a621a84c217c935ebc0"},
    {file = "coverage-7.15.2-cp311-cp311-musllinux_1_2_riscv64.whl", hash = "sha256:a4c46b247b5d4b78f613bd89fea926d32b25c6cc61a50bd1e99ba310348f3dad"},
    {file = "coverage-7.15.2-cp311-cp311-musllinux_1_2_x86_64.whl", hash = "sha256:094dd37f3ef7b2da8b068b583d1f4c40f91c65197e16c52a71962d5d537fc5db"},
    {file = "coverage-7.15.2-cp311-cp311-win32.whl", hash = "sha256:a63b9e190711134d581c4d703df5df09851b1acf99792c7aacbbe9f41f0283c9"},
    {file = "coverage-7.15.2-cp311-cp311-win_amd64.whl", hash = "sha256:8bb9f4b4279187560796a4cdaca3b0a93dd97e48ee667df005f4ed9a97403688"},
    {file = "coverage-7.15.2-cp311-cp311-win_arm64.whl", hash = "sha256:8c726b232659cbd2ae57ade46509eb068c9bd7a06df9fcbff6fe484870006934"},
    {file = "coverage-7.15.2-cp312-cp312-macosx_10_13_x86_64.whl", hash = "sha256:1adac78e5abc7c5438f7a209c9ca69d06542f0bf481d728b6989ea80b813fdf9"},
    {file = "coverage-7.15.2-cp312-cp312-macosx_11_0_arm64.whl", hash = "sha256:b868acc62aa5de3be7a9d05c2333bf8359ca987e43f9cb30ff8fbda6a024ab73"},
    {file = "coverage-7.15.2-cp312-cp312-manylinux1_i686.manylinux_2_28_i686.manylinux_2_5_i686.whl", hash = "sha256:6f6966fc30e6f06ca8f98fb0ce51eda6b111b3ee8d066a8b1ec9e77fa06ab55d"},
    {file = "coverage-7.15.2-cp312-cp312-manylinux1_x86_64.manylinux_2_28_x86_64.manylinux_2_5_x86_64.whl", hash = "sha256:68af907f595ab01a78f794932ff3bdf929c316d3000810d38dbc247129e26f8b"},
    {file = "coverage-7.15.2-cp312-cp312-manylinux2014_aarch64.manylinux_2_17_aarch64.manylinux_2_28_aarch64.whl", hash = "sha256:afa29e2eff3d5729267e2cb2fd4ce9d61c952932fb2694e34ccb5d9540c6a296"},
    {file = "coverage-7.15.2-cp312-cp312-manylinux2014_ppc64le.manylinux_2_17_ppc64le.manylinux_2_28_ppc64le.whl", hash = "sha256:bbf44513ceb1589e31948e20eafbde9deaface90e1a1afa5f5f77b4423d17ce6"},
    {file = "coverage-7.15.2-cp312-cp312-manylinux_2_31_riscv64.manylinux_2_39_riscv64.whl", hash = "sha256:9deddf09eecb717b7f980414b43d90a5b22ff3967d2949ab29cb0aa83d9e9098"},
    {file = "coverage-7.15.2-cp312-cp312-musllinux_1_2_aarch64.whl", hash = "sha256:ae901f7e55ba405c84ee1cab3d3e962e4e871e4a2bcb9c90911adbd69b42ac5a"},
    {file = "coverage-7.15.2-cp312-cp312-musllinux_1_2_i686.whl", hash = "sha256:a0f47002c6eeb7c280228467a4cb0cc15ca2103a8421b986b2d3ec04a0f9bd8b"},
    {file = "coverage-7.15.2-cp312-cp312-musllinux_1_2_ppc64le.whl", hash = "sha256:1cd7a5beb7af3e864a13b1f0fb26efd3695da43ef0daf71e586adfffaf34d5b2"},
    {file = "coverage-7.15.2-cp312-cp312-musllinux_1_2_riscv64.whl", hash = "sha256:97a5c5457a9fb1d6c4e06cfb5dc835871fbfb6a6a51addc9e925bdeff5ef7440"},
    {file = "coverage-7.15.2-cp312-cp312-musllinux_1_2_x86_64.whl", hash = "sha256:0901cfe6c13bcd2302da4f83e884555d2a22bda6e4c476f09ef204ba20ca536e"},
    {file = "coverage-7.15.2-cp312-cp312-win32.whl", hash = "sha256:b171bdd71cb7ff792bf32e376173b0ace7e7963e7e57c58dfc42063a6a7174cd"},
    {file = "coverage-7.15.2-cp312-cp312-win_amd64.whl", hash = "sha256:582edc45c2040543fef83341be23c43024a3ab3ae0c2d8bc498a06282905ad40"},
    {file = "coverage-7.15.2-cp312-cp312-win_arm64.whl", hash = "sha256:a638db90c61cd219aeee65e83a24fdaa57269a741ae0cf773309208ac862cee3"},
    {file = "coverage-7.15.2-cp313-cp313-macosx_10_13_x86_64.whl", hash = "sha256:1121caa19159a38b5463eaae4b1e1fde81e525b15ecc5e000cd5b1a108f743a8"},
    {file = "coverage-7.15.2-cp313-cp313-macosx_11_0_arm64.whl", hash = "sha256:a300c6934e0989c327b9e8a1e110329da4641149f872bbe9f70168be66da76c1"},
    {file = "coverage-7.15.2-cp313-cp313-manylinux1_i686.manylinux_2_28_i686.manylinux_2_5_i686.whl", hash = "sha256:2617f8799d268fabdeef42a7e89ac3a23e1deee9025427db2df970f99a89a578"},
    {file = "coverage-7.15.2-cp313-cp313-manylinux1_x86_64.manylinux_2_28_x86_64.manylinux_2_5_x86_64.whl", hash = "sha256:7dc2950a2992cd676d35c20ae63522836deeb034f08874699d14068710af3dc1"},
    {file = "coverage-7.15.2-cp313-cp313-manylinux2014_aarch64.manylinux_2_17_aarch64.manylinux_2_28_aarch64.whl", hash = "sha256:9e36686f7a442185db2400b3df171aac520869faf9deb59df687d28659eda2a6"},
    {file = "coverage-7.15.2-cp313-cp313-manylinux2014_ppc64le.manylinux_2_17_ppc64le.manylinux_2_28_ppc64le.whl", hash = "sha256:7d29ca7bd67af6e12e74632d65f026eabc1364da5c254494cd914446a28a3ef7"},
    {file = "coverage-7.15.2-cp313-cp313-manylinux_2_31_riscv64.manylinux_2_39_riscv64.whl", hash = "sha256:db9c8438057e5b0f6a22a0af99c0c1d26b57fbbdbd1be5861ddb8f897fcc3a2d"},
    {file = "coverage-7.15.2-cp313-cp313-musllinux_1_2_aarch64.whl", hash = "sha256:63022c4c8dec1d0342f05c3ede99842fe3d007689acc45e86f123a1746e4a026"},
    {file = "coverage-7.15.2-cp313-cp313-musllinux_1_2_i686.whl", hash = "sha256:6c0be82b4d4aa5b2704e08518e2252f3e3d110164bcca826816801052e48a7aa"},
    {file = "coverage-7.15.2-cp313-cp313-musllinux_1_2_ppc64le.whl", hash = "sha256:4510fb9cdf6bb02dfa6af0be4a534b8102d086e22e4a33f8836df663da3d660d"},
    {file = "coverage-7.15.2-cp313-cp313-musllinux_1_2_riscv64.whl", hash = "sha256:42ec3d989421b174a2ab607c1539f24127ad362757b7f1c0c0d7a2993f7eb37b"},
    {file = "coverage-7.15.2-cp313-cp313-musllinux_1_2_x86_64.whl", hash = "sha256:e8f91bce78e32343af184c3b7fa28fcf5a9e2641f4b6623d392038f804939188"},
    {file = "coverage-7.15.2-cp313-cp313-win32.whl", hash = "sha256:434e68d531858205895eb0d74b73d20b84260de426387d53c422a5acda2cf050"},
    {file = "coverage-7.15.2-cp313-cp313-win_amd64.whl", hash = "sha256:26c3b04a6377fd7c09800921fa934e3a17c0020439cd59df73e73ae1d4b6a78c"},
    {file = "coverage-7.15.2-cp313-cp313-win_arm64.whl", hash = "sha256:3ed010aa1b69cda8e827aabfca9866216c980e2dca82ab9a78c5f83689964c8b"},
    {file = "coverage-7.15.2-cp314-cp314-macosx_10_15_x86_64.whl", hash = "sha256:40f633c5c5fc783732f6312280122e859538fa24461235597c13d803ea9a108a"},
    {file = "coverage-7.15.2-cp314-cp314-macosx_11_0_arm64.whl", hash = "sha256:075560438765b7a2ef43bf7aa7758661b53d889df47f062a31bda6c1ade553a2"},
    {file = "coverage-7.15.2-cp314-cp314-manylinux1_i686.manylinux_2_28_i686.manylinux_2_5_i686.whl", hash = "sha256:25fd15dd40a0a2c51a500d664ca29053c09c3259d998407bf982b6e114696138"},
    {file = "coverage-7.15.2-cp314-cp314-manylinux1_x86_64.manylinux_2_28_x86_64.manylinux_2_5_x86_64.whl", hash = "sha256:b9a6367e4aff723e8ee8190836836124284e8fcd4265e307c844010cfa074f3f"},
    {file = "coverage-7.15.2-cp314-cp314-manylinux2014_aarch64.manylinux_2_17_aarch64.manylinux_2_28_aarch64.whl", hash = "sha256:9854ca62c152874b2060772503535be2e8f53f70b8aaa7686b094888d872f984"},
    {file = "coverage-7.15.2-cp314-cp314-manylinux2014_ppc64le.manylinux_2_17_ppc64le.manylinux_2_28_ppc64le.whl", hash = "sha256:913b6c56e110da40e035bbd168353bf7aaa2544a5eaccea5d98a4629aac156c7"},
    {file = "coverage-7.15.2-cp314-cp314-manylinux_2_31_riscv64.manylinux_2_39_riscv64.whl", hash = "sha256:aaccad4129d735a8a4d526f26929894c9a4e8ef7034566f210b176749d6906e3"},
    {file = "coverage-7.15.2-cp314-cp314-musllinux_1_2_aarch64.whl", hash = "sha256:a164b50081fc7357331c4024ef4d17b78ba325f8380d05f5a69599a7e05257ee"},
    {file = "coverage-7.15.2-cp314-cp314-musllinux_1_2_i686.whl", hash = "sha256:bfd341ccf78128e72c094bc70cc25b3ef309c33c7c2c66ba3ed4309549e02de1"},
    {file = "coverage-7.15.2-cp314-cp314-musllinux_1_2_ppc64le.whl", hash = "sha256:1473b3ba8e7ee0f076117b1a72c23f579a2b9e2bb742f48a8d86ea27ca93f91a"},
    {file = "coverage-7.15.2-cp314-cp314-musllinux_1_2_riscv64.whl", hash = "sha256:17c432b5f73ad52ef46fb06019f6fa7c66ce381961cf0f7dfd1d3a4bd3a98145"},
    {file = "coverage-7.15.2-cp314-cp314-musllinux_1_2_x86_64.whl", hash = "sha256:77f0ef5011df53a4bd1b35211ab122287f8d9b8d7aa1c4553e5c2deb24b1d446"},
    {file = "coverage-7.15.2-cp314-cp314-win32.whl", hash = "sha256:f653e5d7248c1191ec988a85c72edeab46c3ff44f90639a4ed4874ec0be90243"},
    {file = "coverage-7.15.2-cp314-cp314-win_amd64.whl", hash = "sha256:9911f31aad8906abe337c271343485cf20df5e70df5d2f57f9f136e7b55f26bc"},
    {file = "coverage-7.15.2-cp314-cp314-win_arm64.whl", hash = "sha256:e38def96ad59853824c97953fdcd2c320a84ba3ce99b417db78af8bb6c3db635"},
    {file = "coverage-7.15.2-cp314-cp314t-macosx_10_15_x86_64.whl", hash = "sha256:835ec4e20b45f0a7f63ed78f94065aca00de033403df8377bfe8b9c6abc0a7be"},
    {file = "coverage-7.15.2-cp314-cp314t-macosx_11_0_arm64.whl", hash = "sha256:7466cc7ab6dc0db871d264bf99e8779f0917ee63d40730af0552f71535a6e072"},
    {file = "coverage-7.15.2-cp314-cp314t-manylinux1_i686.manylinux_2_28_i686.manylinux_2_5_i686.whl", hash = "sha256:e370c12133095ff18432de8c044962be85a5a96d90c6fcbce8e17e76236d2328"},
    {file = "coverage-7.15.2-cp314-cp314t-manylinux1_x86_64.manylinux_2_28_x86_64.manylinux_2_5_x86_64.whl", hash = "sha256:fe41909c9515c3bfdb5f02c4d1f857dba322d9a9a1178069b91eea77889df63a"},
    {file = "coverage-7.15.2-cp314-cp314t-manylinux2014_aarch64.manylinux_2_17_aarch64.manylinux_2_28_aarch64.whl", hash = "sha256:6aa28cfb6488e5453b5b762d65f73aa586380f6693a04d58078ce228a29b06c0"},
    {file = "coverage-7.15.2-cp314-cp314t-manylinux2014_ppc64le.manylinux_2_17_ppc64le.manylinux_2_28_ppc64le.whl", hash = "sha256:bcc0aae933921d03096f53b0b03eeb702129fd406dee59f08d2efacc68681fa5"},
    {file = "coverage-7.15.2-cp314-cp314t-manylinux_2_31_riscv64.manylinux_2_39_riscv64.whl", hash = "sha256:7c63387e21ab21f512c69c9756a8c7dadd322c7275edb064064433c9a09c3743"},
    {file = "coverage-7.15.2-cp314-cp314t-musllinux_1_2_aarch64.whl", hash = "sha256:0e55510bc98ae943cece9e667a6c0fe94c6a92913720dea34243657a17993d0c"},
    {file = "coverage-7.15.2-cp314-cp314t-musllinux_1_2_i686.whl", hash = "sha256:2ff08701be2d1556fc78b326c80a3e8042da09352ecb3819105f8e386c8a3071"},
    {file = "coverage-7.15.2-cp314-cp314t-musllinux_1_2_ppc64le.whl", hash = "sha256:38c9518b7103826c403a461544e3c2e77151e8676d06eaed85911a97e962584a"},
    {file = "coverage-7.15.2-cp314-cp314t-musllinux_1_2_riscv64.whl", hash = "sha256:dee88b1ed88587abd8c0269a1fc1f4cc77f7750d1dfde2869e2a123af420e67d"},
    {file = "coverage-7.15.2-cp314-cp314t-musllinux_1_2_x86_64.whl", hash = "sha256:2fbeeeecea279727f8ac16c8e1133ddfeee793e985c86ae343d6a5ce744eef8c"},
    {file = "coverage-7.15.2-cp314-cp314t-win32.whl", hash = "sha256:cb0fddaa6884be6aae36ced9544b5e90f7d5f03845a2853bf47a14953a4e8688"},
    {file = "coverage-7.15.2-cp314-cp314t-win_amd64.whl", hash = "sha256:77f091ea3a9cc611cd29f433565476bc1936c084ac8eee00ea0e7e70c27e4199"},
    {file = "coverage-7.15.2-cp314-cp314t-win_arm64.whl", hash = "sha256:6fc448c377d6eeb00a47c673494bd9bae29280ca53987e1869e67ebedfe20658"},
    {file = "coverage-7.15.2-py3-none-any.whl", hash = "sha256:eb6bcae8d1a9d305351ecb108232441d11c5cfe9de840a04388ba5d2db8d735c"},
    {file = "coverage-7.15.2.tar.gz", hash = "sha256:3df60dc267f0a2ca23cb7a9ab1109c62b9335ffbf519fcfe167157c28c09b81d"},
]

[package.extras]
toml = ["tomli ; python_full_version <= \"3.11.0a6\""]

[[package]]
name = "django"
version = "6.0.7"
description = "A high-level Python web framework that encourages rapid development and clean, pragmatic design."
optional = false
python-versions = ">=3.12"
groups = ["main"]
files = [
    {file = "django-6.0.7-py3-none-any.whl", hash = "sha256:a037427c2288443a8c02a1b02295a31c239663aa682bc50b1976afb7cf6a769e"},
    {file = "django-6.0.7.tar.gz", hash = "sha256:2998503fc083124fb58037084bfa00de323c7c743f05f1b4284e77bff0ab8890"},
]

[package.dependencies]
asgiref = ">=3.9.1"
sqlparse = ">=0.5.0"
tzdata = {version = "*", markers = "sys_platform == \"win32\""}

[package.extras]
argon2 = ["argon2-cffi (>=23.1.0)"]
bcrypt = ["bcrypt (>=4.1.1)"]

[[package]]
name = "environs"
version = "15.0.1"
description = "simplified environment variable parsing"
optional = false
python-versions = ">=3.10"
groups = ["main"]
files = [
    {file = "environs-15.0.1-py3-none-any.whl", hash = "sha256:a6aeb3e18d5649a4e74f62984f0d84ec869269cff588a43685272c72b5b8979b"},
    {file = "environs-15.0.1.tar.gz", hash = "sha256:638106bfb5d8c9a13ee51c23a9f2416baf9a748c8e537fec771102927cd02aa8"},
]

[package.dependencies]
marshmallow = ">=4.0.0"
python-dotenv = "*"

[package.extras]
django = ["dj-database-url", "dj-email-url", "django-cache-url"]

[[package]]
name = "gunicorn"
version = "26.0.0"
description = "WSGI HTTP Server for UNIX"
optional = false
python-versions = ">=3.10"
groups = ["main"]
files = [
    {file = "gunicorn-26.0.0-py3-none-any.whl", hash = "sha256:40233d26a5f0d1872916188c276e21641155111c2853f0c2cd55260aec0d24fc"},
    {file = "gunicorn-26.0.0.tar.gz", hash = "sha256:ca9346f85e3a4aeeb64d491045c16b9a35647abd37ea15efe53080eb8b090baf"},
]

[package.dependencies]
packaging = "*"

[package.extras]
fast = ["gunicorn_h1c (>=0.6.5)"]
gevent = ["gevent (>=24.10.1)"]
http2 = ["h2 (>=4.1.0)"]
setproctitle = ["setproctitle"]
testing = ["coverage", "gevent (>=24.10.1)", "h2 (>=4.1.0)", "httpx[http2]", "pytest", "pytest-asyncio", "pytest-cov", "uvloop (>=0.19.0)"]
tornado = ["tornado (>=6.5.0)"]

[[package]]
name = "marshmallow"
version = "4.3.0"
description = "A lightweight library for converting complex datatypes to and from native Python datatypes."
optional = false
python-versions = ">=3.10"
groups = ["main"]
files = [
    {file = "marshmallow-4.3.0-py3-none-any.whl", hash = "sha256:46c4fe6984707e3cbd485dfebbf0a59874f58d695aad05c1668d15e8c6e13b46"},
    {file = "marshmallow-4.3.0.tar.gz", hash = "sha256:fb43c53b3fe240b8f6af37223d6ef1636f927ad9bea8ab323afad95dff090880"},
]

[[package]]
name = "packaging"
version = "26.2"
description = "Core utilities for Python packages"
optional = false
python-versions = ">=3.8"
groups = ["main"]
files = [
    {file = "packaging-26.2-py3-none-any.whl", hash = "sha256:5fc45236b9446107ff2415ce77c807cee2862cb6fac22b8a73826d0693b0980e"},
    {file = "packaging-26.2.tar.gz", hash = "sha256:ff452ff5a3e828ce110190feff1178bb1f2ea2281fa2075aadb987c2fb221661"},
]

[[package]]
name = "psycopg"
version = "3.3.4"
description = "PostgreSQL database adapter for Python"
optional = false
python-versions = ">=3.10"
groups = ["main"]
files = [
    {file = "psycopg-3.3.4-py3-none-any.whl", hash = "sha256:b6bbc25ccf05c8fad3b061d9db2ef0909a555171b84b07f29458a447253d679a"},
    {file = "psycopg-3.3.4.tar.gz", hash = "sha256:e21207764952cff81b6b8bdacad9a3939f2793367fdac2987b3aac36a651b5bc"},
]

[package.dependencies]
psycopg-binary = {version = "3.3.4", optional = true, markers = "implementation_name != \"pypy\" and extra == \"binary\""}
tzdata = {version = "*", markers = "sys_platform == \"win32\""}

[package.extras]
binary = ["psycopg-binary (==3.3.4) ; implementation_name != \"pypy\""]
c = ["psycopg-c (==3.3.4) ; implementation_name != \"pypy\""]
dev = ["ast-comments (>=1.1.2)", "black (>=26.1.0)", "codespell (>=2.2)", "cython-lint (>=0.16)", "dnspython (>=2.1)", "flake8 (>=4.0)", "isort-psycopg", "isort[colors] (>=6.0)", "mypy (>=1.19.0)", "pre-commit (>=4.0.1)", "types-setuptools (>=57.4)", "types-shapely (>=2.0)", "wheel (>=0.37)"]
docs = ["Sphinx (>=9.1)", "furo (==2025.12.19)", "sphinx-autobuild (>=2025.8.25)", "sphinx-autodoc-typehints (>=3.10.2)"]
pool = ["psycopg-pool"]
test = ["anyio (>=4.0)", "mypy (>=1.19.0) ; implementation_name != \"pypy\"", "pproxy (>=2.7)", "pytest (>=6.2.5)", "pytest-cov (>=3.0)", "pytest-randomly (>=3.5)"]

[[package]]
name = "psycopg-binary"
version = "3.3.4"
description = "PostgreSQL database adapter for Python -- C optimisation distribution"
optional = false
python-versions = ">=3.10"
groups = ["main"]
markers = "implementation_name != \"pypy\""
files = [
    {file = "psycopg_binary-3.3.4-cp310-cp310-macosx_10_9_x86_64.whl", hash = "sha256:b7bfff1ca23732b488cbca3076fc11bc98d520ee122514fdb17a8e20d3338f5a"},
    {file = "psycopg_binary-3.3.4-cp310-cp310-macosx_11_0_arm64.whl", hash = "sha256:32a6fbf8481e3a370d0d72b860d35948a693cb01281da217f7b2f307636e591a"},
    {file = "psycopg_binary-3.3.4-cp310-cp310-manylinux2014_ppc64le.manylinux_2_17_ppc64le.whl", hash = "sha256:bdef84570ebbce1d42b4e7ea952d21c414c5f118ad02fee00c5625f35e134429"},
    {file = "psycopg_binary-3.3.4-cp310-cp310-manylinux2014_x86_64.manylinux_2_17_x86_64.whl", hash = "sha256:fa1cbc10768a796c96d3243656016bf4e337c81c71097270bb7b0ad6210d9765"},
    {file = "psycopg_binary-3.3.4-cp310-cp310-manylinux_2_27_aarch64.manylinux_2_28_aarch64.whl", hash = "sha256:cf7f73a4a792bc5db58a4b385d8a1467e8d468f7548702fb0ed1e9b7501b1c13"},
    {file = "psycopg_binary-3.3.4-cp310-cp310-manylinux_2_38_riscv64.manylinux_2_39_riscv64.whl", hash = "sha256:d7b4d40c153fa352ab3cca530f3a0baedf7621b2ebcbd7f084009522c21788fc"},
    {file = "psycopg_binary-3.3.4-cp310-cp310-musllinux_1_2_aarch64.whl", hash = "sha256:f9b1c2533af01cd7648378599f82b0b8ae32f293296e6eec5753a625bc97ef28"},
    {file = "psycopg_binary-3.3.4-cp310-cp310-musllinux_1_2_ppc64le.whl", hash = "sha256:ad3bc94054876155549fdaedf4a46d1ec69d39a5bcee377148afe498e84c4b8e"},
    {file = "psycopg_binary-3.3.4-cp310-cp310-musllinux_1_2_riscv64.whl", hash = "sha256:eb4eed2079c01a4850bf467deacfab56d356d4225040170af03dc9958321242d"},
    {file = "psycopg_binary-3.3.4-cp310-cp310-musllinux_1_2_x86_64.whl", hash = "sha256:f80e3f2b5331dbbf0901bcb658056c03eeb2c1ef31d774afb0d61598b242e744"},
    {file = "psycopg_binary-3.3.4-cp310-cp310-win_amd64.whl", hash = "sha256:574ea21a9651958f1535c5a1c649c7409e9168bcbffa29a3f2f961f58b322949"},
    {file = "psycopg_binary-3.3.4-cp311-cp311-macosx_10_9_x86_64.whl", hash = "sha256:612a627d733f695b1de1f9b4bd511c15f999a5d8b915d444bbd7dd71cf3370da"},
    {file = "psycopg_binary-3.3.4-cp311-cp311-macosx_11_0_arm64.whl", hash = "sha256:13a7f380824c35896dcac7fe0f61440f7ca49d6dc73f3c13a9a4471e6a3b302e"},
    {file = "psycopg_binary-3.3.4-cp311-cp311-manylinux2014_ppc64le.manylinux_2_17_ppc64le.whl", hash = "sha256:276904e3452d6a23d474ef9a21eee19f20eed3d53ddd2576af033827e0ba0992"},
    {file = "psycopg_binary-3.3.4-cp311-cp311-manylinux2014_x86_64.manylinux_2_17_x86_64.whl", hash = "sha256:ab8cca8ef8fb1ccf5b048ae5bd78ba55b9e4b5d472e3ce5ca39ff4d2a9c249e4"},
    {file = "psycopg_binary-3.3.4-cp311-cp311-manylinux_2_27_aarch64.manylinux_2_28_aarch64.whl", hash = "sha256:7465bfe6087d2d5b42d4c53b9b11ca9f218e477317a4a162a10e3c19e984ba8e"},
    {file = "psycopg_binary-3.3.4-cp311-cp311-manylinux_2_38_riscv64.manylinux_2_39_riscv64.whl", hash = "sha256:22cdbf5f91ef7bb91fe0c5757e1962d3127a8010256eefd9c61fcaf441802097"},
    {file = "psycopg_binary-3.3.4-cp311-cp311-musllinux_1_2_aarch64.whl", hash = "sha256:e2631da29253a98bd496e6c4813b24e09a4fe3fb2a9e88513305d6f8747cce95"},
    {file = "psycopg_binary-3.3.4-cp311-cp311-musllinux_1_2_ppc64le.whl", hash = "sha256:7f7668f30b9dd5163197e5cbf4e0efd54e00f0a859cc566ce56cfc31f4054839"},
    {file = "psycopg_binary-3.3.4-cp311-cp311-musllinux_1_2_riscv64.whl", hash = "sha256:cffc3408d77a27973f33e5d909b624cce683db5fc25964b02fe0aae7886c1007"},
    {file = "psycopg_binary-3.3.4-cp311-cp311-musllinux_1_2_x86_64.whl", hash = "sha256:0579252a1202cd73e4da137a1426e2dae993ae44e757605344282af3a082848c"},
    {file = "psycopg_binary-3.3.4-cp311-cp311-win_amd64.whl", hash = "sha256:41f2ec0fea529832982bcb6c9415de3c86264ebe562b77a467c0fbcd7efbba8d"},
    {file = "psycopg_binary-3.3.4-cp312-cp312-macosx_10_13_x86_64.whl", hash = "sha256:5ab28a2a7649df3b72e6b674b4c190e448e8e77cf496a65bd846472048de2089"},
    {file = "psycopg_binary-3.3.4-cp312-cp312-macosx_11_0_arm64.whl", hash = "sha256:6402a9d8146cf4b3974ded3fd28a971e83dc6a0333eb7822524a3aa20b546578"},
    {file = "psycopg_binary-3.3.4-cp312-cp312-manylinux2014_ppc64le.manylinux_2_17_ppc64le.whl", hash = "sha256:580ae30a5f95ccd90008ec697d3ed6a4a2047a516407ad904283fa42086936e9"},
    {file = "psycopg_binary-3.3.4-cp312-cp312-manylinux2014_x86_64.manylinux_2_17_x86_64.whl", hash = "sha256:e7510c37550f91a187e3660a8cc50d4b760f8c3b8b2f89ebc5698cd2c7f2c85d"},
    {file = "psycopg_binary-3.3.4-cp312-cp312-manylinux_2_27_aarch64.manylinux_2_28_aarch64.whl", hash = "sha256:77df19583501ea288eaf15ac0fe7ad01e6d8091a91d5c41df5c718f307d8e31b"},
    {file = "psycopg_binary-3.3.4-cp312-cp312-manylinux_2_38_riscv64.manylinux_2_39_riscv64.whl", hash = "sha256:018fbed325936da502feb546642c982dcc4b9ffdea32dfef78dbf3b7f7ad4070"},
    {file = "psycopg_binary-3.3.4-cp312-cp312-musllinux_1_2_aarch64.whl", hash = "sha256:17a21953a9e5ff3a16dab692625a3676e2f101db5e40072f39dbee2250194d68"},
    {file = "psycopg_binary-3.3.4-cp312-cp312-musllinux_1_2_ppc64le.whl", hash = "sha256:eb05ee1c2b817d27c537333224c9e83c7afb86fe7296ba970990068baf819b16"},
    {file = "psycopg_binary-3.3.4-cp312-cp312-musllinux_1_2_riscv64.whl", hash = "sha256:773d573e11f437ce0bdb95b7c18dc58390494f96d43f8b45b9760436114f7652"},
    {file = "psycopg_binary-3.3.4-cp312-cp312-musllinux_1_2_x86_64.whl", hash = "sha256:71e55ccbdfae79a2ed9c6369c3008a3025817ff9d7e27b32a2d84e2a4267e66e"},
    {file = "psycopg_binary-3.3.4-cp312-cp312-win_amd64.whl", hash = "sha256:494ca54901be8cf9eb7e02c25b731f2317c378efa44f43e8f9bd0e1184ae7be4"},
    {file = "psycopg_binary-3.3.4-cp313-cp313-macosx_10_13_x86_64.whl", hash = "sha256:fbd1d4ed566895ad2d3bf4ddfd8bae90026930ddf29df3b9d91d32c8c47866a7"},
    {file = "psycopg_binary-3.3.4-cp313-cp313-macosx_11_0_arm64.whl", hash = "sha256:75a9067e236f9b9ae3535b66fe99bddb33d39c0de10112e49b9ab11eee53dc31"},
    {file = "psycopg_binary-3.3.4-cp313-cp313-manylinux2014_ppc64le.manylinux_2_17_ppc64le.whl", hash = "sha256:b56b603ebcea8aa10b46228b8410ba7f13e7c2ee54389d4d9be0927fd8ce2a70"},
    {file = "psycopg_binary-3.3.4-cp313-cp313-manylinux2014_x86_64.manylinux_2_17_x86_64.whl", hash = "sha256:c677c4ad433cb7150c8cd304a0769ae3bcfbe5ea0676eb53faa7b1443b16d0d3"},
    {file = "psycopg_binary-3.3.4-cp313-cp313-manylinux_2_27_aarch64.manylinux_2_28_aarch64.whl", hash = "sha256:26df2717e59c0473e4465a97dfb1b7afebaa479277870fd5784d1436470db47c"},
    {file = "psycopg_binary-3.3.4-cp313-cp313-manylinux_2_38_riscv64.manylinux_2_39_riscv64.whl", hash = "sha256:1dc1f79fd16bb1f3f4421417a514607539f17804d95c7ed617265369d1981cae"},
    {file = "psycopg_binary-3.3.4-cp313-cp313-musllinux_1_2_aarch64.whl", hash = "sha256:136f199a407b5348b9b857c504aff60c77622a28482e7195839ce1b51238c4cc"},
    {file = "psycopg_binary-3.3.4-cp313-cp313-musllinux_1_2_ppc64le.whl", hash = "sha256:b6f5a29e9c775b9f12a1a717aa7a2c80f9e1db6f27ba44a5b59c80ac61d2ffcf"},
    {file = "psycopg_binary-3.3.4-cp313-cp313-musllinux_1_2_riscv64.whl", hash = "sha256:ee17a2cf4943cde261adfad1bbc5bf38d6b3776d7afff74c7cabcbeaeb08c260"},
    {file = "psycopg_binary-3.3.4-cp313-cp313-musllinux_1_2_x86_64.whl", hash = "sha256:5c4ab71be17bdca30cb34c34c4e1496e2f5d6f20c199c12bad226070b22ef9bf"},
    {file = "psycopg_binary-3.3.4-cp313-cp313-win_amd64.whl", hash = "sha256:dbfdb9b6cc79f31104a7b162a2b921b765fcc62af6c00540a167a8de47e4ed38"},
    {file = "psycopg_binary-3.3.4-cp314-cp314-macosx_10_15_x86_64.whl", hash = "sha256:28b7398fdd19db3232c884fb24550bdfe951221f510e195e233299e4c9b78f97"},
    {file = "psycopg_binary-3.3.4-cp314-cp314-macosx_11_0_arm64.whl", hash = "sha256:1fbaa292a3c8bb61b45df1ad3da1908ccee7cb889db9425e3557d9e34e2a4829"},
    {file = "psycopg_binary-3.3.4-cp314-cp314-manylinux2014_ppc64le.manylinux_2_17_ppc64le.whl", hash = "sha256:94596f9e7633ee3f6440711d43bb70aa31cc0a46a900ab8b4201a366ace5c9e7"},
    {file = "psycopg_binary-3.3.4-cp314-cp314-manylinux2014_x86_64.manylinux_2_17_x86_64.whl", hash = "sha256:8c0056529e68dbe9184cd4019a1f3d8f3a4ead2f6fc7a5afcf27d3314edd1277"},
    {file = "psycopg_binary-3.3.4-cp314-cp314-manylinux_2_27_aarch64.manylinux_2_28_aarch64.whl", hash = "sha256:2c09aad7051326e7603c14e50636db9c01f78272dc54b3accff03d46370461e6"},
    {file = "psycopg_binary-3.3.4-cp314-cp314-manylinux_2_38_riscv64.manylinux_2_39_riscv64.whl", hash = "sha256:514404ed543efd620c85602b747df2a23cf1241b4067199e1a66f2d2757aaa41"},
    {file = "psycopg_binary-3.3.4-cp314-cp314-musllinux_1_2_aarch64.whl", hash = "sha256:46893c26858be12cc49ca4226ed6a60b4bfccadd946b3bebb783a60b38788228"},
    {file = "psycopg_binary-3.3.4-cp314-cp314-musllinux_1_2_ppc64le.whl", hash = "sha256:df1d567fc430f6df15c9fcf67d87685fc49bdb325adc0db5af1adfb2f44eb5c9"},
    {file = "psycopg_binary-3.3.4-cp314-cp314-musllinux_1_2_riscv64.whl", hash = "sha256:6b9016b1714da4dd5ecaaa75b82098aa5a0b87854ce9b092e21c27c4ae23e014"},
    {file = "psycopg_binary-3.3.4-cp314-cp314-musllinux_1_2_x86_64.whl", hash = "sha256:47c656a8a7ba6eb0cff1801a4caaa9c8bdc12d03080e273aff1c8ac39971a77e"},
    {file = "psycopg_binary-3.3.4-cp314-cp314-win_amd64.whl", hash = "sha256:c37e024c07308cd06cf3ec51bfd0e7f6157585a4d84d1bce4a7f5f7913719bf8"},
]

[[package]]
name = "python-dotenv"
version = "1.2.2"
description = "Read key-value pairs from a .env file and set them as environment variables"
optional = false
python-versions = ">=3.10"
groups = ["main"]
files = [
    {file = "python_dotenv-1.2.2-py3-none-any.whl", hash = "sha256:1d8214789a24de455a8b8bd8ae6fe3c6b69a5e3d64aa8a8e5d68e694bbcb285a"},
    {file = "python_dotenv-1.2.2.tar.gz", hash = "sha256:2c371a91fbd7ba082c2c1dc1f8bf89ca22564a087c2c287cd9b662adde799cf3"},
]

[package.extras]
cli = ["click (>=5.0)"]

[[package]]
name = "ruff"
version = "0.15.22"
description = "An extremely fast Python linter and code formatter, written in Rust."
optional = false
python-versions = ">=3.7"
groups = ["dev"]
files = [
    {file = "ruff-0.15.22-py3-none-linux_armv6l.whl", hash = "sha256:44423e73493737f5e7c5b41d475483898ff37afcdae38bc3da5085e29af1c2d8"},
    {file = "ruff-0.15.22-py3-none-macosx_10_12_x86_64.whl", hash = "sha256:b82c6482946e9eda7ff2e091d25b8bad3f718684e1916d41bd56873cee05b697"},
    {file = "ruff-0.15.22-py3-none-macosx_11_0_arm64.whl", hash = "sha256:11c1c715af53a09f714e011106bffc419751ec8232fcb5da42173284ea3fec6f"},
    {file = "ruff-0.15.22-py3-none-manylinux_2_17_aarch64.manylinux2014_aarch64.whl", hash = "sha256:742a29cf29bddb7c8327895d6a10e0e6c5b38a96dd407af9b5d0857f809c0576"},
    {file = "ruff-0.15.22-py3-none-manylinux_2_17_armv7l.manylinux2014_armv7l.whl", hash = "sha256:72af58b951b0ae395935ae79763dc349bc0eb706319d28f7a33ad2cfb3cfc178"},
    {file = "ruff-0.15.22-py3-none-manylinux_2_17_i686.manylinux2014_i686.whl", hash = "sha256:62d425005c1835eb24e2ee4161cb90e8db263415f4a71c8c72c33abaa6c0c224"},
    {file = "ruff-0.15.22-py3-none-manylinux_2_17_ppc64le.manylinux2014_ppc64le.whl", hash = "sha256:e8b9b3f8779a4f08c969defc3c8c35abffaa757e601ed5ae66d6d1db6519969a"},
    {file = "ruff-0.15.22-py3-none-manylinux_2_17_s390x.manylinux2014_s390x.whl", hash = "sha256:1e0dd1b2e4d3d585f897a0d137cbf4eaf6223bef4e8ce34d6bb12556c5f9249e"},
    {file = "ruff-0.15.22-py3-none-manylinux_2_17_x86_64.manylinux2014_x86_64.whl", hash = "sha256:365523eb91d9224e1bcb03b022fbf0facb8f9e23792a2c53d9d4b3924bdbdebb"},
    {file = "ruff-0.15.22-py3-none-manylinux_2_31_riscv64.whl", hash = "sha256:fabfd168afdf29fee5be98b831efa9683c94d7c5a3b58b9ce5a2e38444589a74"},
    {file = "ruff-0.15.22-py3-none-musllinux_1_2_aarch64.whl", hash = "sha256:225dbf095a87f1d9f90f5fd7924d2613ee452a75a4308c63a8f50f761787aa7c"},
    {file = "ruff-0.15.22-py3-none-musllinux_1_2_armv7l.whl", hash = "sha256:1877d63b9d24ed278744f1523fd11b85540566d54641f97c566d7d9dc5ca5296"},
    {file = "ruff-0.15.22-py3-none-musllinux_1_2_i686.whl", hash = "sha256:a1606c510bd7215680d32efab38965f7cdec3ef69f5170a3f4791404ffdd5262"},
    {file = "ruff-0.15.22-py3-none-musllinux_1_2_x86_64.whl", hash = "sha256:630479b18625f5ffc373f77603a22a9f8ac0acd7ff0501178b5db28ec71e9c64"},
    {file = "ruff-0.15.22-py3-none-win32.whl", hash = "sha256:e5ba0e4a13fd14abbed2a77b517a3911290c6c6c59ef67784328d1668fab76cf"},
    {file = "ruff-0.15.22-py3-none-win_amd64.whl", hash = "sha256:9be63ba1eb936acd2d1342fb8337c356353706fce233b2a15a09a97037e6acde"},
    {file = "ruff-0.15.22-py3-none-win_arm64.whl", hash = "sha256:e1168075b72158510839f250027659cdd78476f40507dd517892304c41318661"},
    {file = "ruff-0.15.22.tar.gz", hash = "sha256:3f15175b1fb580126f58285a5dae6b2ea89000136d980c64499211f116b54809"},
]

[[package]]
name = "sqlparse"
version = "0.5.5"
description = "A non-validating SQL parser."
optional = false
python-versions = ">=3.8"
groups = ["main"]
files = [
    {file = "sqlparse-0.5.5-py3-none-any.whl", hash = "sha256:12a08b3bf3eec877c519589833aed092e2444e68240a3577e8e26148acc7b1ba"},
    {file = "sqlparse-0.5.5.tar.gz", hash = "sha256:e20d4a9b0b8585fdf63b10d30066c7c94c5d7a7ec47c889a2d83a3caa93ff28e"},
]

[package.extras]
dev = ["build"]
doc = ["sphinx"]

[[package]]
name = "typos"
version = "1.48.0"
description = "Source Code Spelling Correction"
optional = false
python-versions = ">=3.8"
groups = ["dev"]
files = [
    {file = "typos-1.48.0-py3-none-macosx_10_12_x86_64.whl", hash = "sha256:86ed4008416c39ff353094a1d8fb738704ec9dfa540bc046c1e6da750c4ea527"},
    {file = "typos-1.48.0-py3-none-macosx_11_0_arm64.whl", hash = "sha256:db8182b546ae7067c4d6e61017c1498dca44551e27ec8036c352e46cd5e40c66"},
    {file = "typos-1.48.0-py3-none-manylinux_2_17_aarch64.manylinux2014_aarch64.whl", hash = "sha256:fa7ec06c13e9f22348d9c73ca1b99e861c47dbd0526c95a9283378040999a5de"},
    {file = "typos-1.48.0-py3-none-manylinux_2_17_i686.manylinux2014_i686.whl", hash = "sha256:4e686af7a45c2fa2da3819d4620106ad2bc8e02ab274e65ed27f28dfb13ad1d6"},
    {file = "typos-1.48.0-py3-none-manylinux_2_17_x86_64.manylinux2014_x86_64.whl", hash = "sha256:2dbe2950add1a04f5653b9f51e97107c4b229e488a26630f344286725ebe61d9"},
    {file = "typos-1.48.0-py3-none-musllinux_1_2_aarch64.whl", hash = "sha256:b2dcdcdeca1711014e3070ab09d0b617d1fae166a41a2819c6c81c2ad0f2e559"},
    {file = "typos-1.48.0-py3-none-musllinux_1_2_x86_64.whl", hash = "sha256:0aa61e85ab19d548b0b16d5d5ab88c034665de772689bdbb74c5b0740a458629"},
    {file = "typos-1.48.0-py3-none-win32.whl", hash = "sha256:67afb5bc1e0de783a341cc891240c27f292c6ec440c4b6204f1295bb3dcbbb49"},
    {file = "typos-1.48.0-py3-none-win_amd64.whl", hash = "sha256:323126648140af40eacd90d729c0296aa746a82b765fba19b9aad9778bb39732"},
    {file = "typos-1.48.0.tar.gz", hash = "sha256:75fa7b982ff943c8efc67606cdbaa866791d410585aa9b642e8f9cdfe16be217"},
]

[[package]]
name = "tzdata"
version = "2026.3"
description = "Provider of IANA time zone data"
optional = false
python-versions = ">=2"
groups = ["main"]
markers = "sys_platform == \"win32\""
files = [
    {file = "tzdata-2026.3-py2.py3-none-any.whl", hash = "sha256:dc096730c87af6cab1b171c9d532be840741ff5d459015e7f6947bd7d7e54931"},
    {file = "tzdata-2026.3.tar.gz", hash = "sha256:4a1518b8993086a7982523e071643f3c0e5f213e75b21318e78bcabfff9d1415"},
]

[metadata]
lock-version = "2.1"
python-versions = "~=3.13"
content-hash = "5f1e055189144ad9b4ffa249e7d1a889069b14255ca44119d7b099416f544e2f"
